{
  "assets": {
    "alpine-rootfs-Linux-aarch64.tar.zst": "175f77e84e73f98ec2d7b1b5e19a411da6f0b9791a76069a798f2242e4323466",
    "alpine-rootfs-Linux-x86_64.tar.zst": "076d43552201a0700d94405fe881d1ceb84389ea2dd9a4c16680aee2c38272a7",
    "busybox-Linux-aarch64.tar.zst": "c14681ed05abc3e054c41b6d1ecf22a93d8d30c669254bf82956a7a94b5b4f6b",
    "busybox-Linux-x86_64.tar.zst": "cf1ca6430256d2b45bb987b4d98c5c4e28f9e3966e5a5c8eedefd2ed75883ec9",
    "dropbear-Linux-aarch64.tar.zst": "0e645eb77449303ad320d8c5e2128a78234ac2e049ee816b9ee159393b44b1cc",
    "dropbear-Linux-x86_64.tar.zst": "51d05b8e9e1e2138f33ec96e32e41feb77732470a9d221678664bdd667136e26",
    "libkrun-Darwin-arm64.tar.zst": "b9fdfe40885049a0a0d0e0616eda440255f74d9f3284601a161bd191d6f5b6e7",
    "libkrun-Linux-aarch64.tar.zst": "881e6ad271d47bfc6fdebc685354270574c772d1c3a96c223ec716c5ccd615bd",
    "libkrun-Linux-x86_64.tar.zst": "3dbfa2b9286dd49eae2fa69e2bc5a15fbd74595a72feee1c6dc5d2f7afbd89a3",
    "libkrunfw-Darwin-arm64.tar.zst": "0fb237c66c51791d089737e14236c8d2cdff922c18ae8579b2c79a5fba9f4b8d",
    "libkrunfw-Linux-aarch64.tar.zst": "d095a85d58678397811eab407f34726977f366d85e34404feaf3a64ac6c18387",
    "libkrunfw-Linux-x86_64.tar.zst": "de1796f897f1f4705f8bc1a990fb3326804d5414302e0f9fe7f83872df43c0b1"
  },
  "base_url": "https://github.com/ihexon/revm/releases/download/deps-v20260615.1",
  "version": "deps-v20260615.1"
}
