{
  "assets": {
    "alpine-rootfs-Linux-aarch64.tar.zst": "f821e14647ce0de425ab0fce7b27d69c9af854c1d59ac51efcb3e238624f4457",
    "alpine-rootfs-Linux-x86_64.tar.zst": "4ded9e9e705d8c19e55830d2bbca2f0f1c238c69de46cfd89f6d6b5ae8eb579a",
    "busybox-Linux-aarch64.tar.zst": "b4415e0a6efdc00c55990758519d9a98115576f8f362496a98219246d734695b",
    "busybox-Linux-x86_64.tar.zst": "671cd6b34b8ed487a1d4a3ae38ba34b4aa13fd1d2e0bac9ef7d23eeb9664b2a0",
    "dropbear-Linux-aarch64.tar.zst": "190e0244f3cf80467c0a07e36e6f74fa03cfd3ac49d4e9e6bab69be839afc32e",
    "dropbear-Linux-x86_64.tar.zst": "19211ed2758dd4e41ff952cd02f1cbc290b541feeb218a51daba3e49211eb269",
    "libkrun-Darwin-arm64.tar.zst": "3a13e2eee78cd9209deb46e89bbbf26ea07bbb3a520b8dee68723a61c4633062",
    "libkrun-Linux-aarch64.tar.zst": "8aab48b188910543e66e696ecc1cf1b75e18745ec1605ed674478cef2f072658",
    "libkrun-Linux-x86_64.tar.zst": "76c5b37385b379b43b3ea8ed43ad7405c0c8ebd25cc4e27fbbae285230b47acc",
    "libkrunfw-Darwin-arm64.tar.zst": "3d4ef8ee124485f9541559efb6c816bcddb8b7a4aedfc8a35dd4946600fe2c99",
    "libkrunfw-Linux-aarch64.tar.zst": "28b66fae9f32daa41253f1617ca88cccb9f95214d9ee8d24ceb6e269765d9f3c",
    "libkrunfw-Linux-x86_64.tar.zst": "6c0aec4d878b166ee0b385edfd5a028b2d7a749712b10cc4005050beac4ab1b9"
  },
  "base_url": "https://github.com/ihexon/revm/releases/download/deps-v20260612.1",
  "version": "deps-v20260612.1"
}
